
Microsoft Visual Studio Solution File, Format Version 12.00
# Visual Studio Version 16
VisualStudioVersion = 16.0.31829.152
MinimumVisualStudioVersion = 10.0.40219.1
Project("{9A19103F-16F7-4668-BE54-9A1E7A4F7556}") = "KampIntro", "KampIntro\KampIntro.csproj", "{09721FC1-B7E8-4CCC-B2AB-A8DB419D4064}"
EndProject
Project("{9A19103F-16F7-4668-BE54-9A1E7A4F7556}") = "ClassIntro", "ClassIntro\ClassIntro.csproj", "{BAB2F2FB-84A1-4D2A-8020-CFF17115F009}"
EndProject
Project("{2150E333-8FDC-42A3-9474-1A3956D46DE8}") = "Odevler", "Odevler", "{77D5345E-A2AC-44D8-B626-E2135111761F}"
EndProject
Project("{2150E333-8FDC-42A3-9474-1A3956D46DE8}") = "2.GünOdevi", "2.GünOdevi", "{B2B699BD-49EE-4108-BF6D-91740867C5CD}"
EndProject
Project("{FAE04EC0-301F-11D3-BF4B-00C04F79EFBC}") = "Odev2", "Odev2\Odev2.csproj", "{FCE45F52-27AC-4CD8-895D-735269568406}"
EndProject
Project("{9A19103F-16F7-4668-BE54-9A1E7A4F7556}") = "Metotlar", "Metotlar\Metotlar.csproj", "{7BB62D99-E029-46CD-8E3E-3E2B22B430B4}"
EndProject
Project("{9A19103F-16F7-4668-BE54-9A1E7A4F7556}") = "Matematik", "Matematik\Matematik.csproj", "{4D704CDD-3F08-4FBC-B7D1-F0416C2C6FAA}"
EndProject
Project("{9A19103F-16F7-4668-BE54-9A1E7A4F7556}") = "DegerVeReferansTipler", "DegerVeReferansTipler\DegerVeReferansTipler.csproj", "{165F88B0-5080-415F-99BF-CB5533254E84}"
EndProject
Project("{2150E333-8FDC-42A3-9474-1A3956D46DE8}") = "3.GünOdevi", "3.GünOdevi", "{9D48CB0E-1F18-43D0-AF56-43D92C322318}"
EndProject
Project("{FAE04EC0-301F-11D3-BF4B-00C04F79EFBC}") = "ClassMetotDemo", "ClassMetotDemo\ClassMetotDemo.csproj", "{97499E93-9969-4563-9C76-149A63E75118}"
EndProject
Project("{9A19103F-16F7-4668-BE54-9A1E7A4F7556}") = "OOP1", "OOP1\OOP1.csproj", "{EB295074-D0D1-4992-A612-13356293F3BA}"
EndProject
Project("{9A19103F-16F7-4668-BE54-9A1E7A4F7556}") = "Koleksiyonlar", "Koleksiyonlar\Koleksiyonlar.csproj", "{EFB25526-C372-4C9B-97AF-A22FEF7D66A2}"
EndProject
Project("{9A19103F-16F7-4668-BE54-9A1E7A4F7556}") = "ReferenceTypes", "ReferenceTypes\ReferenceTypes.csproj", "{6E4FD39D-699D-4A54-BCFC-E7340B40BB38}"
EndProject
Project("{2150E333-8FDC-42A3-9474-1A3956D46DE8}") = "4.GünÖdevi", "4.GünÖdevi", "{0C9ABB75-9438-48E2-AB36-3A601C6B4F48}"
EndProject
Project("{FAE04EC0-301F-11D3-BF4B-00C04F79EFBC}") = "Odev4", "Odev4\Odev4.csproj", "{0B29901E-4D52-4EE4-8A78-3CF9113F6D2E}"
EndProject
Project("{FAE04EC0-301F-11D3-BF4B-00C04F79EFBC}") = "PersonelBilgiSistemi", "PersonelBilgiSistemi\PersonelBilgiSistemi.csproj", "{A1DCD1E0-B1A8-42E1-BB38-E5CEC12BE970}"
EndProject
Global
	GlobalSection(SolutionConfigurationPlatforms) = preSolution
		Debug|Any CPU = Debug|Any CPU
		Release|Any CPU = Release|Any CPU
	EndGlobalSection
	GlobalSection(ProjectConfigurationPlatforms) = postSolution
		{09721FC1-B7E8-4CCC-B2AB-A8DB419D4064}.Debug|Any CPU.ActiveCfg = Debug|Any CPU
		{09721FC1-B7E8-4CCC-B2AB-A8DB419D4064}.Debug|Any CPU.Build.0 = Debug|Any CPU
		{09721FC1-B7E8-4CCC-B2AB-A8DB419D4064}.Release|Any CPU.ActiveCfg = Release|Any CPU
		{09721FC1-B7E8-4CCC-B2AB-A8DB419D4064}.Release|Any CPU.Build.0 = Release|Any CPU
		{BAB2F2FB-84A1-4D2A-8020-CFF17115F009}.Debug|Any CPU.ActiveCfg = Debug|Any CPU
		{BAB2F2FB-84A1-4D2A-8020-CFF17115F009}.Debug|Any CPU.Build.0 = Debug|Any CPU
		{BAB2F2FB-84A1-4D2A-8020-CFF17115F009}.Release|Any CPU.ActiveCfg = Release|Any CPU
		{BAB2F2FB-84A1-4D2A-8020-CFF17115F009}.Release|Any CPU.Build.0 = Release|Any CPU
		{FCE45F52-27AC-4CD8-895D-735269568406}.Debug|Any CPU.ActiveCfg = Debug|Any CPU
		{FCE45F52-27AC-4CD8-895D-735269568406}.Debug|Any CPU.Build.0 = Debug|Any CPU
		{FCE45F52-27AC-4CD8-895D-735269568406}.Release|Any CPU.ActiveCfg = Release|Any CPU
		{FCE45F52-27AC-4CD8-895D-735269568406}.Release|Any CPU.Build.0 = Release|Any CPU
		{7BB62D99-E029-46CD-8E3E-3E2B22B430B4}.Debug|Any CPU.ActiveCfg = Debug|Any CPU
		{7BB62D99-E029-46CD-8E3E-3E2B22B430B4}.Debug|Any CPU.Build.0 = Debug|Any CPU
		{7BB62D99-E029-46CD-8E3E-3E2B22B430B4}.Release|Any CPU.ActiveCfg = Release|Any CPU
		{7BB62D99-E029-46CD-8E3E-3E2B22B430B4}.Release|Any CPU.Build.0 = Release|Any CPU
		{4D704CDD-3F08-4FBC-B7D1-F0416C2C6FAA}.Debug|Any CPU.ActiveCfg = Debug|Any CPU
		{4D704CDD-3F08-4FBC-B7D1-F0416C2C6FAA}.Debug|Any CPU.Build.0 = Debug|Any CPU
		{4D704CDD-3F08-4FBC-B7D1-F0416C2C6FAA}.Release|Any CPU.ActiveCfg = Release|Any CPU
		{4D704CDD-3F08-4FBC-B7D1-F0416C2C6FAA}.Release|Any CPU.Build.0 = Release|Any CPU
		{165F88B0-5080-415F-99BF-CB5533254E84}.Debug|Any CPU.ActiveCfg = Debug|Any CPU
		{165F88B0-5080-415F-99BF-CB5533254E84}.Debug|Any CPU.Build.0 = Debug|Any CPU
		{165F88B0-5080-415F-99BF-CB5533254E84}.Release|Any CPU.ActiveCfg = Release|Any CPU
		{165F88B0-5080-415F-99BF-CB5533254E84}.Release|Any CPU.Build.0 = Release|Any CPU
		{97499E93-9969-4563-9C76-149A63E75118}.Debug|Any CPU.ActiveCfg = Debug|Any CPU
		{97499E93-9969-4563-9C76-149A63E75118}.Debug|Any CPU.Build.0 = Debug|Any CPU
		{97499E93-9969-4563-9C76-149A63E75118}.Release|Any CPU.ActiveCfg = Release|Any CPU
		{97499E93-9969-4563-9C76-149A63E75118}.Release|Any CPU.Build.0 = Release|Any CPU
		{EB295074-D0D1-4992-A612-13356293F3BA}.Debug|Any CPU.ActiveCfg = Debug|Any CPU
		{EB295074-D0D1-4992-A612-13356293F3BA}.Debug|Any CPU.Build.0 = Debug|Any CPU
		{EB295074-D0D1-4992-A612-13356293F3BA}.Release|Any CPU.ActiveCfg = Release|Any CPU
		{EB295074-D0D1-4992-A612-13356293F3BA}.Release|Any CPU.Build.0 = Release|Any CPU
		{EFB25526-C372-4C9B-97AF-A22FEF7D66A2}.Debug|Any CPU.ActiveCfg = Debug|Any CPU
		{EFB25526-C372-4C9B-97AF-A22FEF7D66A2}.Debug|Any CPU.Build.0 = Debug|Any CPU
		{EFB25526-C372-4C9B-97AF-A22FEF7D66A2}.Release|Any CPU.ActiveCfg = Release|Any CPU
		{EFB25526-C372-4C9B-97AF-A22FEF7D66A2}.Release|Any CPU.Build.0 = Release|Any CPU
		{6E4FD39D-699D-4A54-BCFC-E7340B40BB38}.Debug|Any CPU.ActiveCfg = Debug|Any CPU
		{6E4FD39D-699D-4A54-BCFC-E7340B40BB38}.Debug|Any CPU.Build.0 = Debug|Any CPU
		{6E4FD39D-699D-4A54-BCFC-E7340B40BB38}.Release|Any CPU.ActiveCfg = Release|Any CPU
		{6E4FD39D-699D-4A54-BCFC-E7340B40BB38}.Release|Any CPU.Build.0 = Release|Any CPU
		{0B29901E-4D52-4EE4-8A78-3CF9113F6D2E}.Debug|Any CPU.ActiveCfg = Debug|Any CPU
		{0B29901E-4D52-4EE4-8A78-3CF9113F6D2E}.Debug|Any CPU.Build.0 = Debug|Any CPU
		{0B29901E-4D52-4EE4-8A78-3CF9113F6D2E}.Release|Any CPU.ActiveCfg = Release|Any CPU
		{0B29901E-4D52-4EE4-8A78-3CF9113F6D2E}.Release|Any CPU.Build.0 = Release|Any CPU
		{A1DCD1E0-B1A8-42E1-BB38-E5CEC12BE970}.Debug|Any CPU.ActiveCfg = Debug|Any CPU
		{A1DCD1E0-B1A8-42E1-BB38-E5CEC12BE970}.Debug|Any CPU.Build.0 = Debug|Any CPU
		{A1DCD1E0-B1A8-42E1-BB38-E5CEC12BE970}.Release|Any CPU.ActiveCfg = Release|Any CPU
		{A1DCD1E0-B1A8-42E1-BB38-E5CEC12BE970}.Release|Any CPU.Build.0 = Release|Any CPU
	EndGlobalSection
	GlobalSection(SolutionProperties) = preSolution
		HideSolutionNode = FALSE
	EndGlobalSection
	GlobalSection(NestedProjects) = preSolution
		{B2B699BD-49EE-4108-BF6D-91740867C5CD} = {77D5345E-A2AC-44D8-B626-E2135111761F}
		{FCE45F52-27AC-4CD8-895D-735269568406} = {B2B699BD-49EE-4108-BF6D-91740867C5CD}
		{9D48CB0E-1F18-43D0-AF56-43D92C322318} = {77D5345E-A2AC-44D8-B626-E2135111761F}
		{97499E93-9969-4563-9C76-149A63E75118} = {9D48CB0E-1F18-43D0-AF56-43D92C322318}
		{0C9ABB75-9438-48E2-AB36-3A601C6B4F48} = {77D5345E-A2AC-44D8-B626-E2135111761F}
		{0B29901E-4D52-4EE4-8A78-3CF9113F6D2E} = {0C9ABB75-9438-48E2-AB36-3A601C6B4F48}
	EndGlobalSection
	GlobalSection(ExtensibilityGlobals) = postSolution
		SolutionGuid = {E5336770-6F6A-44C2-AE08-2502CDDC8D9C}
	EndGlobalSection
EndGlobal
